
Microsoft Visual Studio Solution File, Format Version 12.00
# Visual Studio Version 17
VisualStudioVersion = 17.0.31903.59
MinimumVisualStudioVersion = 10.0.40219.1
Project("{9A19103F-16F7-4668-BE54-9A1E7A4F7556}") = "Rentler.Interview.Api", "Rentler.Interview.Api\Rentler.Interview.Api.csproj", "{ACDB9E55-C3F5-4740-8641-BD4728B651FE}"
EndProject
Project("{9A19103F-16F7-4668-BE54-9A1E7A4F7556}") = "Rentler.Interview.Client", "Rentler.Interview.Lib\Rentler.Interview.Client.csproj", "{2C11FB99-B547-4F88-A012-E73BBEE073B9}"
EndProject
Project("{9A19103F-16F7-4668-BE54-9A1E7A4F7556}") = "Rentler.Interview.App", "Rentler.Interview.App\Rentler.Interview.App.csproj", "{E566DADD-A6CC-465F-8A63-BD43A7C2D620}"
EndProject
Project("{9A19103F-16F7-4668-BE54-9A1E7A4F7556}") = "Rentler.Interview.Data", "Rentler.Interview.Data\Rentler.Interview.Data.csproj", "{B9A3A006-EB92-4AC7-A791-59865FE323F6}"
EndProject
Project("{9A19103F-16F7-4668-BE54-9A1E7A4F7556}") = "Renter.Interview.Domain", "Renter.Interview.Domain\Renter.Interview.Domain.csproj", "{B2325DE4-FC64-471D-99EB-66CC84615805}"
EndProject
Project("{9A19103F-16F7-4668-BE54-9A1E7A4F7556}") = "Rentler.Interview.Repos", "Rentler.Interview.Repos\Rentler.Interview.Repos.csproj", "{6AD19FCD-52F6-4045-90FF-DF219DE2FC7E}"
EndProject
Project("{9A19103F-16F7-4668-BE54-9A1E7A4F7556}") = "Rentler.Interview.Services", "Rentler.Interview.Services\Rentler.Interview.Services.csproj", "{CFFD0776-DFD7-48F3-982D-492B50DD40BA}"
EndProject
Project("{2150E333-8FDC-42A3-9474-1A3956D46DE8}") = "Tests", "Tests", "{8F010F95-2763-4895-969F-4DE1372F2C56}"
EndProject
Project("{FAE04EC0-301F-11D3-BF4B-00C04F79EFBC}") = "Rentler.Interview.Api.Tests", "Rentler.Interview.Api.Tests\Rentler.Interview.Api.Tests.csproj", "{018FC9F0-462B-4475-B3B2-E16AB94BE56D}"
EndProject
Project("{FAE04EC0-301F-11D3-BF4B-00C04F79EFBC}") = "Rentler.Interview.Services.Tests", "Rentler.Interview.Services.Tests\Rentler.Interview.Services.Tests.csproj", "{2176610C-0FE2-49AD-8E91-279424FD159C}"
EndProject
Global
	GlobalSection(SolutionConfigurationPlatforms) = preSolution
		Debug|Any CPU = Debug|Any CPU
		Release|Any CPU = Release|Any CPU
	EndGlobalSection
	GlobalSection(ProjectConfigurationPlatforms) = postSolution
		{ACDB9E55-C3F5-4740-8641-BD4728B651FE}.Debug|Any CPU.ActiveCfg = Debug|Any CPU
		{ACDB9E55-C3F5-4740-8641-BD4728B651FE}.Debug|Any CPU.Build.0 = Debug|Any CPU
		{ACDB9E55-C3F5-4740-8641-BD4728B651FE}.Release|Any CPU.ActiveCfg = Release|Any CPU
		{ACDB9E55-C3F5-4740-8641-BD4728B651FE}.Release|Any CPU.Build.0 = Release|Any CPU
		{2C11FB99-B547-4F88-A012-E73BBEE073B9}.Debug|Any CPU.ActiveCfg = Debug|Any CPU
		{2C11FB99-B547-4F88-A012-E73BBEE073B9}.Debug|Any CPU.Build.0 = Debug|Any CPU
		{2C11FB99-B547-4F88-A012-E73BBEE073B9}.Release|Any CPU.ActiveCfg = Release|Any CPU
		{2C11FB99-B547-4F88-A012-E73BBEE073B9}.Release|Any CPU.Build.0 = Release|Any CPU
		{E566DADD-A6CC-465F-8A63-BD43A7C2D620}.Debug|Any CPU.ActiveCfg = Debug|Any CPU
		{E566DADD-A6CC-465F-8A63-BD43A7C2D620}.Debug|Any CPU.Build.0 = Debug|Any CPU
		{E566DADD-A6CC-465F-8A63-BD43A7C2D620}.Release|Any CPU.ActiveCfg = Release|Any CPU
		{E566DADD-A6CC-465F-8A63-BD43A7C2D620}.Release|Any CPU.Build.0 = Release|Any CPU
		{B9A3A006-EB92-4AC7-A791-59865FE323F6}.Debug|Any CPU.ActiveCfg = Debug|Any CPU
		{B9A3A006-EB92-4AC7-A791-59865FE323F6}.Debug|Any CPU.Build.0 = Debug|Any CPU
		{B9A3A006-EB92-4AC7-A791-59865FE323F6}.Release|Any CPU.ActiveCfg = Release|Any CPU
		{B9A3A006-EB92-4AC7-A791-59865FE323F6}.Release|Any CPU.Build.0 = Release|Any CPU
		{B2325DE4-FC64-471D-99EB-66CC84615805}.Debug|Any CPU.ActiveCfg = Debug|Any CPU
		{B2325DE4-FC64-471D-99EB-66CC84615805}.Debug|Any CPU.Build.0 = Debug|Any CPU
		{B2325DE4-FC64-471D-99EB-66CC84615805}.Release|Any CPU.ActiveCfg = Release|Any CPU
		{B2325DE4-FC64-471D-99EB-66CC84615805}.Release|Any CPU.Build.0 = Release|Any CPU
		{6AD19FCD-52F6-4045-90FF-DF219DE2FC7E}.Debug|Any CPU.ActiveCfg = Debug|Any CPU
		{6AD19FCD-52F6-4045-90FF-DF219DE2FC7E}.Debug|Any CPU.Build.0 = Debug|Any CPU
		{6AD19FCD-52F6-4045-90FF-DF219DE2FC7E}.Release|Any CPU.ActiveCfg = Release|Any CPU
		{6AD19FCD-52F6-4045-90FF-DF219DE2FC7E}.Release|Any CPU.Build.0 = Release|Any CPU
		{CFFD0776-DFD7-48F3-982D-492B50DD40BA}.Debug|Any CPU.ActiveCfg = Debug|Any CPU
		{CFFD0776-DFD7-48F3-982D-492B50DD40BA}.Debug|Any CPU.Build.0 = Debug|Any CPU
		{CFFD0776-DFD7-48F3-982D-492B50DD40BA}.Release|Any CPU.ActiveCfg = Release|Any CPU
		{CFFD0776-DFD7-48F3-982D-492B50DD40BA}.Release|Any CPU.Build.0 = Release|Any CPU
		{018FC9F0-462B-4475-B3B2-E16AB94BE56D}.Debug|Any CPU.ActiveCfg = Debug|Any CPU
		{018FC9F0-462B-4475-B3B2-E16AB94BE56D}.Debug|Any CPU.Build.0 = Debug|Any CPU
		{018FC9F0-462B-4475-B3B2-E16AB94BE56D}.Release|Any CPU.ActiveCfg = Release|Any CPU
		{018FC9F0-462B-4475-B3B2-E16AB94BE56D}.Release|Any CPU.Build.0 = Release|Any CPU
		{2176610C-0FE2-49AD-8E91-279424FD159C}.Debug|Any CPU.ActiveCfg = Debug|Any CPU
		{2176610C-0FE2-49AD-8E91-279424FD159C}.Debug|Any CPU.Build.0 = Debug|Any CPU
		{2176610C-0FE2-49AD-8E91-279424FD159C}.Release|Any CPU.ActiveCfg = Release|Any CPU
		{2176610C-0FE2-49AD-8E91-279424FD159C}.Release|Any CPU.Build.0 = Release|Any CPU
	EndGlobalSection
	GlobalSection(SolutionProperties) = preSolution
		HideSolutionNode = FALSE
	EndGlobalSection
	GlobalSection(NestedProjects) = preSolution
		{018FC9F0-462B-4475-B3B2-E16AB94BE56D} = {8F010F95-2763-4895-969F-4DE1372F2C56}
		{2176610C-0FE2-49AD-8E91-279424FD159C} = {8F010F95-2763-4895-969F-4DE1372F2C56}
	EndGlobalSection
	GlobalSection(ExtensibilityGlobals) = postSolution
		SolutionGuid = {7B2B1A65-4D9D-48B2-BE63-7D397C88BD59}
	EndGlobalSection
EndGlobal
